
Microsoft Visual Studio Solution File, Format Version 12.00
# Visual Studio Version 17
VisualStudioVersion = 17.0.31903.59
MinimumVisualStudioVersion = 10.0.40219.1
Project("{2150E333-8FDC-42A3-9474-1A3956D46DE8}") = "src", "src", "{BB66EB55-591A-475F-AF48-F3A305E21B1A}"
EndProject
Project("{2150E333-8FDC-42A3-9474-1A3956D46DE8}") = "tests", "tests", "{9EAF27D8-09E8-4EF8-9AFB-17356D60565D}"
EndProject
Project("{2150E333-8FDC-42A3-9474-1A3956D46DE8}") = "tools", "tools", "{0B10D66E-E0CA-448E-895A-D3D01DD4554A}"
EndProject
Project("{FAE04EC0-301F-11D3-BF4B-00C04F79EFBC}") = "SamaEcole.Domain", "src\SamaEcole.Domain\SamaEcole.Domain.csproj", "{B41F4252-2DD7-4ADE-9DEA-B5A2E1C31BD0}"
EndProject
Project("{FAE04EC0-301F-11D3-BF4B-00C04F79EFBC}") = "SamaEcole.Application", "src\SamaEcole.Application\SamaEcole.Application.csproj", "{A203ABB7-1062-45CB-BE93-4EB3715F5CD1}"
EndProject
Project("{FAE04EC0-301F-11D3-BF4B-00C04F79EFBC}") = "SamaEcole.Infrastructure", "src\SamaEcole.Infrastructure\SamaEcole.Infrastructure.csproj", "{4BC6DB7C-8EB6-40AF-9F80-AF877601511B}"
EndProject
Project("{FAE04EC0-301F-11D3-BF4B-00C04F79EFBC}") = "SamaEcole.Persistence", "src\SamaEcole.Persistence\SamaEcole.Persistence.csproj", "{A4CF8157-EC89-4D57-98C6-C282D6B7F164}"
EndProject
Project("{FAE04EC0-301F-11D3-BF4B-00C04F79EFBC}") = "SamaEcole.Web", "src\SamaEcole.Web\SamaEcole.Web.csproj", "{D64DB134-47EC-4DE9-A2BC-61A50F4D1815}"
EndProject
Project("{FAE04EC0-301F-11D3-BF4B-00C04F79EFBC}") = "SamaEcole.UnitTests", "tests\SamaEcole.UnitTests\SamaEcole.UnitTests.csproj", "{4C440EE9-F2DE-4C6F-B212-A928E8FCABC3}"
EndProject
Project("{FAE04EC0-301F-11D3-BF4B-00C04F79EFBC}") = "SamaEcole.IntegrationTests", "tests\SamaEcole.IntegrationTests\SamaEcole.IntegrationTests.csproj", "{BB278D57-85E5-4803-9DD1-F599A87AA58E}"
EndProject
Project("{FAE04EC0-301F-11D3-BF4B-00C04F79EFBC}") = "SamaEcole.FunctionalTests", "tests\SamaEcole.FunctionalTests\SamaEcole.FunctionalTests.csproj", "{4B28FF61-4A43-478E-A499-0E7D72FF37D8}"
EndProject
Project("{FAE04EC0-301F-11D3-BF4B-00C04F79EFBC}") = "SamaEcole.Tools", "tools\SamaEcole.Tools\SamaEcole.Tools.csproj", "{B830C67A-8E98-49BF-9D90-421A896D1682}"
EndProject
Global
	GlobalSection(SolutionConfigurationPlatforms) = preSolution
		Debug|Any CPU = Debug|Any CPU
		Release|Any CPU = Release|Any CPU
	EndGlobalSection
	GlobalSection(ProjectConfigurationPlatforms) = postSolution
		{B41F4252-2DD7-4ADE-9DEA-B5A2E1C31BD0}.Debug|Any CPU.ActiveCfg = Debug|Any CPU
		{B41F4252-2DD7-4ADE-9DEA-B5A2E1C31BD0}.Debug|Any CPU.Build.0 = Debug|Any CPU
		{B41F4252-2DD7-4ADE-9DEA-B5A2E1C31BD0}.Release|Any CPU.ActiveCfg = Release|Any CPU
		{B41F4252-2DD7-4ADE-9DEA-B5A2E1C31BD0}.Release|Any CPU.Build.0 = Release|Any CPU
		{A203ABB7-1062-45CB-BE93-4EB3715F5CD1}.Debug|Any CPU.ActiveCfg = Debug|Any CPU
		{A203ABB7-1062-45CB-BE93-4EB3715F5CD1}.Debug|Any CPU.Build.0 = Debug|Any CPU
		{A203ABB7-1062-45CB-BE93-4EB3715F5CD1}.Release|Any CPU.ActiveCfg = Release|Any CPU
		{A203ABB7-1062-45CB-BE93-4EB3715F5CD1}.Release|Any CPU.Build.0 = Release|Any CPU
		{4BC6DB7C-8EB6-40AF-9F80-AF877601511B}.Debug|Any CPU.ActiveCfg = Debug|Any CPU
		{4BC6DB7C-8EB6-40AF-9F80-AF877601511B}.Debug|Any CPU.Build.0 = Debug|Any CPU
		{4BC6DB7C-8EB6-40AF-9F80-AF877601511B}.Release|Any CPU.ActiveCfg = Release|Any CPU
		{4BC6DB7C-8EB6-40AF-9F80-AF877601511B}.Release|Any CPU.Build.0 = Release|Any CPU
		{A4CF8157-EC89-4D57-98C6-C282D6B7F164}.Debug|Any CPU.ActiveCfg = Debug|Any CPU
		{A4CF8157-EC89-4D57-98C6-C282D6B7F164}.Debug|Any CPU.Build.0 = Debug|Any CPU
		{A4CF8157-EC89-4D57-98C6-C282D6B7F164}.Release|Any CPU.ActiveCfg = Release|Any CPU
		{A4CF8157-EC89-4D57-98C6-C282D6B7F164}.Release|Any CPU.Build.0 = Release|Any CPU
		{D64DB134-47EC-4DE9-A2BC-61A50F4D1815}.Debug|Any CPU.ActiveCfg = Debug|Any CPU
		{D64DB134-47EC-4DE9-A2BC-61A50F4D1815}.Debug|Any CPU.Build.0 = Debug|Any CPU
		{D64DB134-47EC-4DE9-A2BC-61A50F4D1815}.Release|Any CPU.ActiveCfg = Release|Any CPU
		{D64DB134-47EC-4DE9-A2BC-61A50F4D1815}.Release|Any CPU.Build.0 = Release|Any CPU
		{4C440EE9-F2DE-4C6F-B212-A928E8FCABC3}.Debug|Any CPU.ActiveCfg = Debug|Any CPU
		{4C440EE9-F2DE-4C6F-B212-A928E8FCABC3}.Debug|Any CPU.Build.0 = Debug|Any CPU
		{4C440EE9-F2DE-4C6F-B212-A928E8FCABC3}.Release|Any CPU.ActiveCfg = Release|Any CPU
		{4C440EE9-F2DE-4C6F-B212-A928E8FCABC3}.Release|Any CPU.Build.0 = Release|Any CPU
		{BB278D57-85E5-4803-9DD1-F599A87AA58E}.Debug|Any CPU.ActiveCfg = Debug|Any CPU
		{BB278D57-85E5-4803-9DD1-F599A87AA58E}.Debug|Any CPU.Build.0 = Debug|Any CPU
		{BB278D57-85E5-4803-9DD1-F599A87AA58E}.Release|Any CPU.ActiveCfg = Release|Any CPU
		{BB278D57-85E5-4803-9DD1-F599A87AA58E}.Release|Any CPU.Build.0 = Release|Any CPU
		{4B28FF61-4A43-478E-A499-0E7D72FF37D8}.Debug|Any CPU.ActiveCfg = Debug|Any CPU
		{4B28FF61-4A43-478E-A499-0E7D72FF37D8}.Debug|Any CPU.Build.0 = Debug|Any CPU
		{4B28FF61-4A43-478E-A499-0E7D72FF37D8}.Release|Any CPU.ActiveCfg = Release|Any CPU
		{4B28FF61-4A43-478E-A499-0E7D72FF37D8}.Release|Any CPU.Build.0 = Release|Any CPU
		{B830C67A-8E98-49BF-9D90-421A896D1682}.Debug|Any CPU.ActiveCfg = Debug|Any CPU
		{B830C67A-8E98-49BF-9D90-421A896D1682}.Debug|Any CPU.Build.0 = Debug|Any CPU
		{B830C67A-8E98-49BF-9D90-421A896D1682}.Release|Any CPU.ActiveCfg = Release|Any CPU
		{B830C67A-8E98-49BF-9D90-421A896D1682}.Release|Any CPU.Build.0 = Release|Any CPU
	EndGlobalSection
	GlobalSection(SolutionProperties) = preSolution
		HideSolutionNode = FALSE
	EndGlobalSection
	GlobalSection(NestedProjects) = preSolution
		{B41F4252-2DD7-4ADE-9DEA-B5A2E1C31BD0} = {BB66EB55-591A-475F-AF48-F3A305E21B1A}
		{A203ABB7-1062-45CB-BE93-4EB3715F5CD1} = {BB66EB55-591A-475F-AF48-F3A305E21B1A}
		{4BC6DB7C-8EB6-40AF-9F80-AF877601511B} = {BB66EB55-591A-475F-AF48-F3A305E21B1A}
		{A4CF8157-EC89-4D57-98C6-C282D6B7F164} = {BB66EB55-591A-475F-AF48-F3A305E21B1A}
		{D64DB134-47EC-4DE9-A2BC-61A50F4D1815} = {BB66EB55-591A-475F-AF48-F3A305E21B1A}
		{4C440EE9-F2DE-4C6F-B212-A928E8FCABC3} = {9EAF27D8-09E8-4EF8-9AFB-17356D60565D}
		{BB278D57-85E5-4803-9DD1-F599A87AA58E} = {9EAF27D8-09E8-4EF8-9AFB-17356D60565D}
		{4B28FF61-4A43-478E-A499-0E7D72FF37D8} = {9EAF27D8-09E8-4EF8-9AFB-17356D60565D}
		{B830C67A-8E98-49BF-9D90-421A896D1682} = {0B10D66E-E0CA-448E-895A-D3D01DD4554A}
	EndGlobalSection
EndGlobal
